{
  "name": "momentarise-markdown-editor",
  "version": "0.0.0",
  "lockfileVersion": 3,
  "requires": true,
  "packages": {
    "": {
      "name": "momentarise-markdown-editor",
      "version": "0.0.0",
      "workspaces": [
        "packages/*"
      ],
      "devDependencies": {
        "typescript": "^5.0.0"
      },
      "engines": {
        "node": ">=20"
      }
    },
    "node_modules/@momentarise/md-adapter-web": {
      "resolved": "packages/md-adapter-web",
      "link": true
    },
    "node_modules/@momentarise/md-cli": {
      "resolved": "packages/md-cli",
      "link": true
    },
    "node_modules/@momentarise/md-core": {
      "resolved": "packages/md-core",
      "link": true
    },
    "node_modules/@momentarise/md-format": {
      "resolved": "packages/md-format",
      "link": true
    },
    "node_modules/typescript": {
      "version": "5.9.3",
      "resolved": "https://registry.npmjs.org/typescript/-/typescript-5.9.3.tgz",
      "integrity": "sha512-jl1vZzPDinLr9eUt3J/t7V6FgNEw9QjvBPdysz9KfQDD41fQrC2Y4vKQdiaUpFT4bXlb1RHhLpp8wtm6M5TgSw==",
      "dev": true,
      "license": "Apache-2.0",
      "bin": {
        "tsc": "bin/tsc",
        "tsserver": "bin/tsserver"
      },
      "engines": {
        "node": ">=14.17"
      }
    },
    "packages/md-adapter-web": {
      "name": "@momentarise/md-adapter-web",
      "version": "0.0.0",
      "dependencies": {
        "@momentarise/md-core": "0.0.0"
      }
    },
    "packages/md-cli": {
      "name": "@momentarise/md-cli",
      "version": "0.0.0",
      "dependencies": {
        "@momentarise/md-core": "0.0.0"
      }
    },
    "packages/md-core": {
      "name": "@momentarise/md-core",
      "version": "0.0.0"
    },
    "packages/md-format": {
      "name": "@momentarise/md-format",
      "version": "0.0.0",
      "dependencies": {
        "@momentarise/md-core": "0.0.0"
      }
    }
  }
}
